<?xml version="1.0" encoding="utf-8"?>
<Project ToolsVersion="4.0" xmlns="http://schemas.microsoft.com/developer/msbuild/2003">
  <ItemGroup>
    <Filter Include="Source Files">
      <UniqueIdentifier>{4FC737F1-C7A5-4376-A066-2A32D752A2FF}</UniqueIdentifier>
      <Extensions>cpp;c;cc;cxx;c++;cppm;ixx;def;odl;idl;hpj;bat;asm;asmx</Extensions>
    </Filter>
    <Filter Include="Header Files">
      <UniqueIdentifier>{93995380-89BD-4b04-88EB-625FBE52EBFB}</UniqueIdentifier>
      <Extensions>h;hh;hpp;hxx;h++;hm;inl;inc;ipp;xsd</Extensions>
    </Filter>
    <Filter Include="Resource Files">
      <UniqueIdentifier>{67DA6AB6-F800-4c08-8B7A-83BB121AAD01}</UniqueIdentifier>
      <Extensions>rc;ico;cur;bmp;dlg;rc2;rct;bin;rgs;gif;jpg;jpeg;jpe;resx;tiff;tif;png;wav;mfcribbon-ms</Extensions>
    </Filter>
    <Filter Include="Source Files\Core">
      <UniqueIdentifier>{d5f1ece6-0b92-4d37-9f27-70222ff88fa0}</UniqueIdentifier>
    </Filter>
    <Filter Include="Header Files\Core">
      <UniqueIdentifier>{bfbf9105-8fce-49db-9294-0a5a9c9d59c4}</UniqueIdentifier>
    </Filter>
    <Filter Include="Source Files\Graphics">
      <UniqueIdentifier>{b45270aa-edaa-4ccf-8c7a-6a8cf8876556}</UniqueIdentifier>
    </Filter>
    <Filter Include="Header Files\Graphics">
      <UniqueIdentifier>{4871bab0-42d2-4cc6-ad82-3e0aa24c036b}</UniqueIdentifier>
    </Filter>
    <Filter Include="Resource Files\assets">
      <UniqueIdentifier>{5269d075-595a-4a2d-89de-fac6b1102be6}</UniqueIdentifier>
    </Filter>
    <Filter Include="Resource Files\assets\characters">
      <UniqueIdentifier>{27321819-02f5-4822-a629-391465455813}</UniqueIdentifier>
    </Filter>
    <Filter Include="Resource Files\assets\objects">
      <UniqueIdentifier>{a6a54352-1ecc-435f-b97f-0c99eec2a4dc}</UniqueIdentifier>
    </Filter>
    <Filter Include="Resource Files\assets\background">
      <UniqueIdentifier>{c450af7a-6e57-42c5-959c-4f6e904eda0a}</UniqueIdentifier>
    </Filter>
    <Filter Include="Header Files\Physics">
      <UniqueIdentifier>{54d66d59-75e4-4b5c-827d-23bb2f29435c}</UniqueIdentifier>
    </Filter>
    <Filter Include="Source Files\Physics">
      <UniqueIdentifier>{2bb9b2a3-32e4-4d29-b536-0e85b03731a5}</UniqueIdentifier>
    </Filter>
    <Filter Include="Source Files\Characters">
      <UniqueIdentifier>{e56c5f36-8d3d-476a-a52c-5b29fc71340f}</UniqueIdentifier>
    </Filter>
    <Filter Include="Header Files\Objects">
      <UniqueIdentifier>{83eeb976-a203-4983-9579-13f4176fea29}</UniqueIdentifier>
    </Filter>
    <Filter Include="Source Files\Objects">
      <UniqueIdentifier>{d470bc6f-0b54-4dd0-95ef-e0d60507d27f}</UniqueIdentifier>
    </Filter>
    <Filter Include="Header Files\Characters">
      <UniqueIdentifier>{219287b8-02e7-49ef-94ae-84df3f89fc7f}</UniqueIdentifier>
    </Filter>
    <Filter Include="Header Files\Animation">
      <UniqueIdentifier>{410f24f7-a3e7-4f7a-9af4-055e72f97cfb}</UniqueIdentifier>
    </Filter>
    <Filter Include="Source Files\Animation">
      <UniqueIdentifier>{defb872a-52dd-41cd-8f72-0c1acc1180af}</UniqueIdentifier>
    </Filter>
    <Filter Include="Header Files\Map">
      <UniqueIdentifier>{08f90de3-be52-4a80-8420-21cab7b13964}</UniqueIdentifier>
    </Filter>
    <Filter Include="Header Files\Inputs">
      <UniqueIdentifier>{0a71b17a-b5a2-4707-b9dd-563075b3fed6}</UniqueIdentifier>
    </Filter>
    <Filter Include="Header Files\Timer">
      <UniqueIdentifier>{a0ae47db-14db-4bd1-8e2a-67b9297aa9f7}</UniqueIdentifier>
    </Filter>
    <Filter Include="Source Files\Inputs">
      <UniqueIdentifier>{b99fa4e5-0eea-4587-b480-b9706816b73c}</UniqueIdentifier>
    </Filter>
    <Filter Include="Source Files\Map">
      <UniqueIdentifier>{4e6923e8-06c9-49d9-911c-b3f1ececc002}</UniqueIdentifier>
    </Filter>
    <Filter Include="Source Files\Timer">
      <UniqueIdentifier>{b36b5842-2d5c-4539-8558-6b20fa93041c}</UniqueIdentifier>
    </Filter>
    <Filter Include="Header Files\Vendor">
      <UniqueIdentifier>{3796a02d-54b8-4c1f-8024-b738dcdba5de}</UniqueIdentifier>
    </Filter>
    <Filter Include="Header Files\Vendor\Tinyxml2">
      <UniqueIdentifier>{1b2ddf00-1b6b-43d1-be98-937a62aafdfa}</UniqueIdentifier>
    </Filter>
    <Filter Include="Source Files\Vendor">
      <UniqueIdentifier>{b97229a3-c710-4e38-9d77-5948a93b42f6}</UniqueIdentifier>
    </Filter>
    <Filter Include="Source Files\Vendor\Tinyxml2">
      <UniqueIdentifier>{760d8e3e-6889-4558-8f66-c31b70d0cf80}</UniqueIdentifier>
    </Filter>
  </ItemGroup>
  <ItemGroup>
    <ClCompile Include="main.cpp">
      <Filter>Source Files</Filter>
    </ClCompile>
    <ClCompile Include="src\Core\Engine.cpp">
      <Filter>Source Files\Core</Filter>
    </ClCompile>
    <ClCompile Include="src\Core\EventsHandler.cpp">
      <Filter>Source Files\Core</Filter>
    </ClCompile>
    <ClCompile Include="src\Core\Renderer.cpp">
      <Filter>Source Files\Core</Filter>
    </ClCompile>
    <ClCompile Include="src\Core\Window.cpp">
      <Filter>Source Files\Core</Filter>
    </ClCompile>
    <ClCompile Include="src\Graphics\AssetManager.cpp">
      <Filter>Source Files\Graphics</Filter>
    </ClCompile>
    <ClCompile Include="src\Physics\Vector2D.cpp">
      <Filter>Source Files\Physics</Filter>
    </ClCompile>
    <ClCompile Include="src\Physics\Transform.cpp">
      <Filter>Source Files\Physics</Filter>
    </ClCompile>
    <ClCompile Include="src\Object\GameObject.cpp">
      <Filter>Source Files\Objects</Filter>
    </ClCompile>
    <ClCompile Include="src\Characters\Character.cpp">
      <Filter>Source Files\Characters</Filter>
    </ClCompile>
    <ClCompile Include="src\Characters\Ghost.cpp">
      <Filter>Source Files\Characters</Filter>
    </ClCompile>
    <ClCompile Include="src\Animation\Animation.cpp">
      <Filter>Source Files\Animation</Filter>
    </ClCompile>
    <ClCompile Include="src\Inputs\InputSystem.cpp">
      <Filter>Source Files\Inputs</Filter>
    </ClCompile>
    <ClCompile Include="src\Physics\RigidBody.cpp">
      <Filter>Source Files\Physics</Filter>
    </ClCompile>
    <ClCompile Include="src\Map\GameMap.cpp">
      <Filter>Source Files\Map</Filter>
    </ClCompile>
    <ClCompile Include="src\Map\TileLayer.cpp">
      <Filter>Source Files\Map</Filter>
    </ClCompile>
    <ClCompile Include="src\Map\Layer.cpp">
      <Filter>Source Files\Map</Filter>
    </ClCompile>
    <ClCompile Include="src\Timer\Timer.cpp">
      <Filter>Source Files\Timer</Filter>
    </ClCompile>
    <ClCompile Include="src\Map\MapParser.cpp">
      <Filter>Source Files\Map</Filter>
    </ClCompile>
    <ClCompile Include="src\Vendor\Tinyxml2\tinyxml2.cpp">
      <Filter>Source Files\Vendor\Tinyxml2</Filter>
    </ClCompile>
  </ItemGroup>
  <ItemGroup>
    <ClInclude Include="src\Core\Engine.h">
      <Filter>Header Files\Core</Filter>
    </ClInclude>
    <ClInclude Include="src\Core\EventsHandler.h">
      <Filter>Header Files\Core</Filter>
    </ClInclude>
    <ClInclude Include="src\Core\Renderer.h">
      <Filter>Header Files\Core</Filter>
    </ClInclude>
    <ClInclude Include="src\Core\Window.h">
      <Filter>Header Files\Core</Filter>
    </ClInclude>
    <ClInclude Include="resource.h">
      <Filter>Resource Files</Filter>
    </ClInclude>
    <ClInclude Include="src\Graphics\AssetManager.h">
      <Filter>Header Files\Graphics</Filter>
    </ClInclude>
    <ClInclude Include="src\Physics\Vector2D.h">
      <Filter>Header Files\Physics</Filter>
    </ClInclude>
    <ClInclude Include="src\Physics\Transform.h">
      <Filter>Header Files\Physics</Filter>
    </ClInclude>
    <ClInclude Include="src\Object\IObject.h">
      <Filter>Header Files\Objects</Filter>
    </ClInclude>
    <ClInclude Include="src\Object\GameObject.h">
      <Filter>Header Files\Objects</Filter>
    </ClInclude>
    <ClInclude Include="src\Characters\Character.h">
      <Filter>Header Files\Characters</Filter>
    </ClInclude>
    <ClInclude Include="src\Characters\Ghost.h">
      <Filter>Header Files\Characters</Filter>
    </ClInclude>
    <ClInclude Include="src\Animation\Animation.h">
      <Filter>Header Files\Animation</Filter>
    </ClInclude>
    <ClInclude Include="src\Map\Layer.h">
      <Filter>Header Files\Map</Filter>
    </ClInclude>
    <ClInclude Include="src\Map\TileLayer.h">
      <Filter>Header Files\Map</Filter>
    </ClInclude>
    <ClInclude Include="src\Inputs\InputSystem.h">
      <Filter>Header Files\Inputs</Filter>
    </ClInclude>
    <ClInclude Include="src\Physics\RigidBody.h">
      <Filter>Header Files\Physics</Filter>
    </ClInclude>
    <ClInclude Include="src\Timer\Timer.h">
      <Filter>Header Files\Timer</Filter>
    </ClInclude>
    <ClInclude Include="src\Map\GameMap.h">
      <Filter>Header Files\Map</Filter>
    </ClInclude>
    <ClInclude Include="src\Map\MapParser.h">
      <Filter>Header Files\Map</Filter>
    </ClInclude>
    <ClInclude Include="src\Vendor\Tinyxml2\tinyxml2.h">
      <Filter>Header Files\Vendor\Tinyxml2</Filter>
    </ClInclude>
  </ItemGroup>
  <ItemGroup>
    <ResourceCompile Include="project-egg-core.rc">
      <Filter>Resource Files</Filter>
    </ResourceCompile>
  </ItemGroup>
  <ItemGroup>
    <Image Include="assets\characters\ghost.png">
      <Filter>Resource Files\assets\characters</Filter>
    </Image>
    <Image Include="assets\characters\ghost-sheet.png">
      <Filter>Resource Files\assets\characters</Filter>
    </Image>
    <Image Include="assets\characters\ghost-run.png">
      <Filter>Resource Files\assets\characters</Filter>
    </Image>
    <Image Include="assets\characters\ghost-run-sheet.png">
      <Filter>Resource Files\assets\characters</Filter>
    </Image>
  </ItemGroup>
  <ItemGroup>
    <None Include="assets\background\night-forest.tmx">
      <Filter>Resource Files\assets\background</Filter>
    </None>
  </ItemGroup>
</Project>